
Microsoft Visual Studio Solution File, Format Version 12.00
# Visual Studio Version 17
VisualStudioVersion = 17.4.33205.214
MinimumVisualStudioVersion = 10.0.40219.1
Project("{FAE04EC0-301F-11D3-BF4B-00C04F79EFBC}") = "GolfClubApp", "GolfClubApp\GolfClubApp.csproj", "{DBA969E3-0A5B-469C-A69F-AE45C472D668}"
EndProject
Global
	GlobalSection(SolutionConfigurationPlatforms) = preSolution
		Debug|Any CPU = Debug|Any CPU
		Release|Any CPU = Release|Any CPU
	EndGlobalSection
	GlobalSection(ProjectConfigurationPlatforms) = postSolution
		{DBA969E3-0A5B-469C-A69F-AE45C472D668}.Debug|Any CPU.ActiveCfg = Debug|Any CPU
		{DBA969E3-0A5B-469C-A69F-AE45C472D668}.Debug|Any CPU.Build.0 = Debug|Any CPU
		{DBA969E3-0A5B-469C-A69F-AE45C472D668}.Release|Any CPU.ActiveCfg = Release|Any CPU
		{DBA969E3-0A5B-469C-A69F-AE45C472D668}.Release|Any CPU.Build.0 = Release|Any CPU
	EndGlobalSection
	GlobalSection(SolutionProperties) = preSolution
		HideSolutionNode = FALSE
	EndGlobalSection
	GlobalSection(ExtensibilityGlobals) = postSolution
		SolutionGuid = {FF7B1B8F-A795-49D1-8543-E488A1AD7501}
	EndGlobalSection
EndGlobal
